# Pinned bootstrap artifacts for install.sh.
# Bump with: make update
# Format: key=value (no spaces around =)

mise_version=v2026.9.1
mise_sha256_linux_x64=063dda9149ab6be53da877c2d176afe0eac68e64cf8ca295bd0528720701c65d
mise_sha256_linux_arm64=98d2ea7b82dd966afdb8a9f4e9edbca771acf2a30d2842bfc0efdb7b61c886a3
mise_sha256_macos_x64=eed76838c68aa49b7bf07c468dd4993855bbb342a4442f67355b6ffbe746e4d4
mise_sha256_macos_arm64=bfea0ab417b48c1e8b99412fcaf20ce17424a3286a8766d7d2b0051fe321d565

font_tag=v3.5.1
font_asset=JetBrainsMono.tar.xz
font_sha256=04d5e8f903693f9dd13e16f867e994834e681eb3c72c0d337a770dcda09010cf
